
Microsoft Visual Studio Solution File, Format Version 12.00
# Visual Studio 15
VisualStudioVersion = 15.0.28307.1267
MinimumVisualStudioVersion = 10.0.40219.1
Project("{FAE04EC0-301F-11D3-BF4B-00C04F79EFBC}") = "9 - Herança", "9 - Herança\9 - Herança.csproj", "{D37EEC94-2002-4F33-A6BD-5242FE792D6A}"
EndProject
Global
	GlobalSection(SolutionConfigurationPlatforms) = preSolution
		Debug|Any CPU = Debug|Any CPU
		Release|Any CPU = Release|Any CPU
	EndGlobalSection
	GlobalSection(ProjectConfigurationPlatforms) = postSolution
		{D37EEC94-2002-4F33-A6BD-5242FE792D6A}.Debug|Any CPU.ActiveCfg = Debug|Any CPU
		{D37EEC94-2002-4F33-A6BD-5242FE792D6A}.Debug|Any CPU.Build.0 = Debug|Any CPU
		{D37EEC94-2002-4F33-A6BD-5242FE792D6A}.Release|Any CPU.ActiveCfg = Release|Any CPU
		{D37EEC94-2002-4F33-A6BD-5242FE792D6A}.Release|Any CPU.Build.0 = Release|Any CPU
	EndGlobalSection
	GlobalSection(SolutionProperties) = preSolution
		HideSolutionNode = FALSE
	EndGlobalSection
	GlobalSection(ExtensibilityGlobals) = postSolution
		SolutionGuid = {DDA1FA04-D2D7-488D-9724-8D414702CB48}
	EndGlobalSection
EndGlobal
