
Microsoft Visual Studio Solution File, Format Version 12.00
# Visual Studio 15
VisualStudioVersion = 15.0.28307.1267
MinimumVisualStudioVersion = 10.0.40219.1
Project("{FAE04EC0-301F-11D3-BF4B-00C04F79EFBC}") = "DateTime", "DateTime\DateTime.csproj", "{542AAF71-D608-4339-84F8-DFB8217B394A}"
EndProject
Global
	GlobalSection(SolutionConfigurationPlatforms) = preSolution
		Debug|Any CPU = Debug|Any CPU
		Release|Any CPU = Release|Any CPU
	EndGlobalSection
	GlobalSection(ProjectConfigurationPlatforms) = postSolution
		{542AAF71-D608-4339-84F8-DFB8217B394A}.Debug|Any CPU.ActiveCfg = Debug|Any CPU
		{542AAF71-D608-4339-84F8-DFB8217B394A}.Debug|Any CPU.Build.0 = Debug|Any CPU
		{542AAF71-D608-4339-84F8-DFB8217B394A}.Release|Any CPU.ActiveCfg = Release|Any CPU
		{542AAF71-D608-4339-84F8-DFB8217B394A}.Release|Any CPU.Build.0 = Release|Any CPU
	EndGlobalSection
	GlobalSection(SolutionProperties) = preSolution
		HideSolutionNode = FALSE
	EndGlobalSection
	GlobalSection(ExtensibilityGlobals) = postSolution
		SolutionGuid = {89662C34-00F4-434B-ABAA-92CBE8DC29FA}
	EndGlobalSection
EndGlobal
